{
    "_readme": [
        "This file locks the dependencies of your project to a known state",
        "Read more about it at https://getcomposer.org/doc/01-basic-usage.md#composer-lock-the-lock-file",
        "This file is @generated automatically"
    ],
    "hash": "1deca797eac3d8f93de8866235d84a25",
    "content-hash": "9121a3ce44b09027ee7137c0e721f69b",
    "packages": [
        {
            "name": "container-interop/container-interop",
            "version": "1.1.0",
            "source": {
                "type": "git",
                "url": "https://github.com/container-interop/container-interop.git",
                "reference": "fc08354828f8fd3245f77a66b9e23a6bca48297e"
            },
            "dist": {
                "type": "zip",
                "url": "https://api.github.com/repos/container-interop/container-interop/zipball/fc08354828f8fd3245f77a66b9e23a6bca48297e",
                "reference": "fc08354828f8fd3245f77a66b9e23a6bca48297e",
                "shasum": ""
            },
            "type": "library",
            "autoload": {
                "psr-4": {
                    "Interop\\Container\\": "src/Interop/Container/"
                }
            },
            "notification-url": "https://packagist.org/downloads/",
            "license": [
                "MIT"
            ],
            "description": "Promoting the interoperability of container objects (DIC, SL, etc.)",
            "time": "2014-12-30 15:22:37"
        },
        {
            "name": "pyrsmk/chernozem",
            "version": "4.1.0",
            "source": {
                "type": "git",
                "url": "https://github.com/pyrsmk/Chernozem.git",
                "reference": "a3134eea4a6c6b221f25d6310ec93ea90832dd07"
            },
            "dist": {
                "type": "zip",
                "url": "https://api.github.com/repos/pyrsmk/Chernozem/zipball/a3134eea4a6c6b221f25d6310ec93ea90832dd07",
                "reference": "a3134eea4a6c6b221f25d6310ec93ea90832dd07",
                "shasum": ""
            },
            "require": {
                "container-interop/container-interop": "^1.1",
                "php": ">=5.4"
            },
            "type": "library",
            "autoload": {
                "psr-4": {
                    "Chernozem\\": "src/"
                }
            },
            "notification-url": "https://packagist.org/downloads/",
            "license": [
                "MIT"
            ],
            "authors": [
                {
                    "name": "Aurélien Delogu",
                    "email": "dev@dreamysource.fr",
                    "homepage": "http://dreamysource.io/project/chernozem"
                }
            ],
            "description": "Dependency injection container for the masses",
            "keywords": [
                "container",
                "dependency",
                "injection"
            ],
            "time": "2016-07-11 10:15:06"
        }
    ],
    "packages-dev": [],
    "aliases": [],
    "minimum-stability": "stable",
    "stability-flags": [],
    "prefer-stable": false,
    "prefer-lowest": false,
    "platform": {
        "php": ">=5.4.0"
    },
    "platform-dev": []
}
